PODS:
  - HandyJSON (5.0.2)
  - SnapKit (5.6.0)
  - XYZKit_master (1.0.0):
    - XYZKit_master/Core (= 1.0.0)
  - XYZKit_master/Core (1.0.0)

DEPENDENCIES:
  - HandyJSON
  - SnapKit
  - XYZKit_master

SPEC REPOS:
  https://github.com/CocoaPods/Specs.git:
    - HandyJSON
    - SnapKit
  https://github.com/DFTT/XYZPodspecs.git:
    - XYZKit_master

SPEC CHECKSUMS:
  HandyJSON: 9e4e236f5d2dbefad5155a77417bbea438201c03
  SnapKit: e01d52ebb8ddbc333eefe2132acf85c8227d9c25
  XYZKit_master: 8aac5fdecc8328e8174985ccc799b0d22cea1457

PODFILE CHECKSUM: 37a2086b9a2b7e2b829054d9a3243bbb41a7887a

COCOAPODS: 1.11.3
